Microsoft Visual Studio Solution File, Format Version 10.00
# Visual Studio 2008
Project("{FAE04EC0-301F-11D3-BF4B-00C04F79EFBC}") = "WebSolution.Module", "WebSolution.Module\WebSolution.Module.csproj", "{1F3FFA34-ACE2-4943-9D45-850781B23D13}"
	ProjectSection(WebsiteProperties) = preProject
		Debug.AspNetCompiler.Debug = "True"
		Release.AspNetCompiler.Debug = "False"
	EndProjectSection
EndProject
Project("{FAE04EC0-301F-11D3-BF4B-00C04F79EFBC}") = "WebSolution.Module.Web", "WebSolution.Module.Web\WebSolution.Module.Web.csproj", "{6E03303D-1462-4089-83B7-0AEB6C4D701E}"
	ProjectSection(WebsiteProperties) = preProject
		Debug.AspNetCompiler.Debug = "True"
		Release.AspNetCompiler.Debug = "False"
	EndProjectSection
EndProject
Project("{FAE04EC0-301F-11D3-BF4B-00C04F79EFBC}") = "WebSolution.Web", "WebSolution.Web\WebSolution.Web.csproj", "{BD5A0EE2-2880-482F-BCBB-D250F738E925}"
	ProjectSection(WebsiteProperties) = preProject
		Debug.AspNetCompiler.Debug = "True"
		Release.AspNetCompiler.Debug = "False"
	EndProjectSection
EndProject
Global
	GlobalSection(SolutionConfigurationPlatforms) = preSolution
		Debug|Any CPU = Debug|Any CPU
		Release|Any CPU = Release|Any CPU
	EndGlobalSection
	GlobalSection(ProjectConfigurationPlatforms) = postSolution
		{1F3FFA34-ACE2-4943-9D45-850781B23D13}.Debug|Any CPU.ActiveCfg = Debug|Any CPU
		{1F3FFA34-ACE2-4943-9D45-850781B23D13}.Debug|Any CPU.Build.0 = Debug|Any CPU
		{1F3FFA34-ACE2-4943-9D45-850781B23D13}.Release|Any CPU.ActiveCfg = Release|Any CPU
		{1F3FFA34-ACE2-4943-9D45-850781B23D13}.Release|Any CPU.Build.0 = Release|Any CPU
		{6E03303D-1462-4089-83B7-0AEB6C4D701E}.Debug|Any CPU.ActiveCfg = Debug|Any CPU
		{6E03303D-1462-4089-83B7-0AEB6C4D701E}.Debug|Any CPU.Build.0 = Debug|Any CPU
		{6E03303D-1462-4089-83B7-0AEB6C4D701E}.Release|Any CPU.ActiveCfg = Release|Any CPU
		{6E03303D-1462-4089-83B7-0AEB6C4D701E}.Release|Any CPU.Build.0 = Release|Any CPU
		{BD5A0EE2-2880-482F-BCBB-D250F738E925}.Debug|Any CPU.ActiveCfg = Debug|Any CPU
		{BD5A0EE2-2880-482F-BCBB-D250F738E925}.Debug|Any CPU.Build.0 = Debug|Any CPU
		{BD5A0EE2-2880-482F-BCBB-D250F738E925}.Release|Any CPU.ActiveCfg = Release|Any CPU
		{BD5A0EE2-2880-482F-BCBB-D250F738E925}.Release|Any CPU.Build.0 = Release|Any CPU
	EndGlobalSection
	GlobalSection(SolutionProperties) = preSolution
		HideSolutionNode = FALSE
	EndGlobalSection
EndGlobal
